// !$*UTF8*$!
{
	archiveVersion = 1;
	classes = {
	};
	objectVersion = 56;
	objects = {

/* Begin PBXBuildFile section */
		A00612A3293B807500BB3413 /* FilmSecondRowView.swift in Sources */ = {isa = PBXBuildFile; fileRef = A00612A2293B807500BB3413 /* FilmSecondRowView.swift */; };
		A00612A6293B870200BB3413 /* FriendsWatchRowView.swift in Sources */ = {isa = PBXBuildFile; fileRef = A00612A5293B870200BB3413 /* FriendsWatchRowView.swift */; };
		A00612A8293B8BD200BB3413 /* FilmInfoView.swift in Sources */ = {isa = PBXBuildFile; fileRef = A00612A7293B8BD200BB3413 /* FilmInfoView.swift */; };
		A00612AA293B913F00BB3413 /* AllFilmView.swift in Sources */ = {isa = PBXBuildFile; fileRef = A00612A9293B913F00BB3413 /* AllFilmView.swift */; };
		A00612AC293BE45100BB3413 /* UIImage+Extension.swift in Sources */ = {isa = PBXBuildFile; fileRef = A00612AB293BE45100BB3413 /* UIImage+Extension.swift */; };
		A00612B1293CF13200BB3413 /* ActorRowView.swift in Sources */ = {isa = PBXBuildFile; fileRef = A00612B0293CF13200BB3413 /* ActorRowView.swift */; };
		A00612B4293D084C00BB3413 /* ReviewRowView.swift in Sources */ = {isa = PBXBuildFile; fileRef = A00612B3293D084C00BB3413 /* ReviewRowView.swift */; };
		A00612B8293FB3E200BB3413 /* Movie.swift in Sources */ = {isa = PBXBuildFile; fileRef = A00612B7293FB3E200BB3413 /* Movie.swift */; };
		A00612BA293FB52A00BB3413 /* Home.swift in Sources */ = {isa = PBXBuildFile; fileRef = A00612B9293FB52A00BB3413 /* Home.swift */; };
		A00612BE293FD1A100BB3413 /* Tab.swift in Sources */ = {isa = PBXBuildFile; fileRef = A00612BD293FD1A100BB3413 /* Tab.swift */; };
		A009066729A7BB8C00843D6E /* NewRegisterView.swift in Sources */ = {isa = PBXBuildFile; fileRef = A009066629A7BB8C00843D6E /* NewRegisterView.swift */; };
		A018D823299D710800AC12FB /* LoginView.swift in Sources */ = {isa = PBXBuildFile; fileRef = A018D822299D710800AC12FB /* LoginView.swift */; };
		A018D825299D73E300AC12FB /* View_Extensions.swift in Sources */ = {isa = PBXBuildFile; fileRef = A018D824299D73E300AC12FB /* View_Extensions.swift */; };
		A018D82A299D806400AC12FB /* RegisterView.swift in Sources */ = {isa = PBXBuildFile; fileRef = A018D829299D806400AC12FB /* RegisterView.swift */; };
		A018D82C299D93B000AC12FB /* LoadingView.swift in Sources */ = {isa = PBXBuildFile; fileRef = A018D82B299D93B000AC12FB /* LoadingView.swift */; };
		A018D82E299E99BD00AC12FB /* SocialMediaTextView.swift in Sources */ = {isa = PBXBuildFile; fileRef = A018D82D299E99BD00AC12FB /* SocialMediaTextView.swift */; };
		A018D830299E9A3A00AC12FB /* SocialMediaType.swift in Sources */ = {isa = PBXBuildFile; fileRef = A018D82F299E9A3A00AC12FB /* SocialMediaType.swift */; };
		A018D834299EC0EA00AC12FB /* GoogleService-Info.plist in Resources */ = {isa = PBXBuildFile; fileRef = A018D833299EC0EA00AC12FB /* GoogleService-Info.plist */; };
		A018D837299EC14A00AC12FB /* FirebaseAuth in Frameworks */ = {isa = PBXBuildFile; productRef = A018D836299EC14A00AC12FB /* FirebaseAuth */; };
		A018D839299EC14A00AC12FB /* FirebaseDatabase in Frameworks */ = {isa = PBXBuildFile; productRef = A018D838299EC14A00AC12FB /* FirebaseDatabase */; };
		A018D83B299EC14A00AC12FB /* FirebaseFirestore in Frameworks */ = {isa = PBXBuildFile; productRef = A018D83A299EC14A00AC12FB /* FirebaseFirestore */; };
		A018D83D299EC14A00AC12FB /* FirebaseFirestoreSwift in Frameworks */ = {isa = PBXBuildFile; productRef = A018D83C299EC14A00AC12FB /* FirebaseFirestoreSwift */; };
		A018D83F299EC14A00AC12FB /* FirebaseStorage in Frameworks */ = {isa = PBXBuildFile; productRef = A018D83E299EC14A00AC12FB /* FirebaseStorage */; };
		A018D841299EC30200AC12FB /* User.swift in Sources */ = {isa = PBXBuildFile; fileRef = A018D840299EC30200AC12FB /* User.swift */; };
		A018D844299EC51500AC12FB /* DatabaseManager.swift in Sources */ = {isa = PBXBuildFile; fileRef = A018D843299EC51500AC12FB /* DatabaseManager.swift */; };
		A018D846299EC51D00AC12FB /* StorageManager.swift in Sources */ = {isa = PBXBuildFile; fileRef = A018D845299EC51D00AC12FB /* StorageManager.swift */; };
		A018D848299EC64300AC12FB /* RegisterViewModel.swift in Sources */ = {isa = PBXBuildFile; fileRef = A018D847299EC64300AC12FB /* RegisterViewModel.swift */; };
		A018D84A299EE0DE00AC12FB /* LoginViewModel.swift in Sources */ = {isa = PBXBuildFile; fileRef = A018D849299EE0DE00AC12FB /* LoginViewModel.swift */; };
		A018D85429A00E6E00AC12FB /* Application.swift in Sources */ = {isa = PBXBuildFile; fileRef = A018D85329A00E6E00AC12FB /* Application.swift */; };
		A018D85729A0179600AC12FB /* GoogleSignIn in Frameworks */ = {isa = PBXBuildFile; productRef = A018D85629A0179600AC12FB /* GoogleSignIn */; };
		A018D85929A0179600AC12FB /* GoogleSignInSwift in Frameworks */ = {isa = PBXBuildFile; productRef = A018D85829A0179600AC12FB /* GoogleSignInSwift */; };
		A018D85B29A158F500AC12FB /* ProfileViewModel.swift in Sources */ = {isa = PBXBuildFile; fileRef = A018D85A29A158F500AC12FB /* ProfileViewModel.swift */; };
		A018D85E29A20C3000AC12FB /* CreateNewPost.swift in Sources */ = {isa = PBXBuildFile; fileRef = A018D85D29A20C3000AC12FB /* CreateNewPost.swift */; };
		A018D86029A20C5D00AC12FB /* NewPost.swift in Sources */ = {isa = PBXBuildFile; fileRef = A018D85F29A20C5D00AC12FB /* NewPost.swift */; };
		A018D86529A2140600AC12FB /* FilmSelectorViewModel.swift in Sources */ = {isa = PBXBuildFile; fileRef = A018D86429A2140600AC12FB /* FilmSelectorViewModel.swift */; };
		A018D86729A2141300AC12FB /* FilmSelectorView.swift in Sources */ = {isa = PBXBuildFile; fileRef = A018D86629A2141300AC12FB /* FilmSelectorView.swift */; };
		A018D86B29A2976E00AC12FB /* CreateNewPostViewModel.swift in Sources */ = {isa = PBXBuildFile; fileRef = A018D86A29A2976E00AC12FB /* CreateNewPostViewModel.swift */; };
		A018D86D29A2A56000AC12FB /* FeedViewModel.swift in Sources */ = {isa = PBXBuildFile; fileRef = A018D86C29A2A56000AC12FB /* FeedViewModel.swift */; };
		A018D86F29A3F8E700AC12FB /* PostRowViewModel.swift in Sources */ = {isa = PBXBuildFile; fileRef = A018D86E29A3F8E600AC12FB /* PostRowViewModel.swift */; };
		A018D87329A6927900AC12FB /* NewProfileView.swift in Sources */ = {isa = PBXBuildFile; fileRef = A018D87229A6927900AC12FB /* NewProfileView.swift */; };
		A02AEF2D293676CA00443F95 /* CircularLayout.swift in Sources */ = {isa = PBXBuildFile; fileRef = A02AEF2C293676CA00443F95 /* CircularLayout.swift */; };
		A02AEF312939615000443F95 /* TweetFilterViewModel.swift in Sources */ = {isa = PBXBuildFile; fileRef = A02AEF302939615000443F95 /* TweetFilterViewModel.swift */; };
		A04824B8294A5D4400CDA4BD /* FilmService.swift in Sources */ = {isa = PBXBuildFile; fileRef = A04824B7294A5D4400CDA4BD /* FilmService.swift */; };
		A04824BB294A5FDC00CDA4BD /* Kingfisher in Frameworks */ = {isa = PBXBuildFile; productRef = A04824BA294A5FDC00CDA4BD /* Kingfisher */; };
		A04824BD294A61B100CDA4BD /* Statics.swift in Sources */ = {isa = PBXBuildFile; fileRef = A04824BC294A61B100CDA4BD /* Statics.swift */; };
		A04824C2294BC26C00CDA4BD /* AllFilmViewModel.swift in Sources */ = {isa = PBXBuildFile; fileRef = A04824C1294BC26C00CDA4BD /* AllFilmViewModel.swift */; };
		A04824C6294BDAF300CDA4BD /* ExploreViewModel.swift in Sources */ = {isa = PBXBuildFile; fileRef = A04824C5294BDAF300CDA4BD /* ExploreViewModel.swift */; };
		A04824C8294CF4F900CDA4BD /* Actor.swift in Sources */ = {isa = PBXBuildFile; fileRef = A04824C7294CF4F900CDA4BD /* Actor.swift */; };
		A04824CE294E5F9D00CDA4BD /* BlurView.swift in Sources */ = {isa = PBXBuildFile; fileRef = A04824CD294E5F9D00CDA4BD /* BlurView.swift */; };
		A04824D0294E5FB700CDA4BD /* CustomCorner.swift in Sources */ = {isa = PBXBuildFile; fileRef = A04824CF294E5FB700CDA4BD /* CustomCorner.swift */; };
		A04824D2294E6A1200CDA4BD /* ActorDetail.swift in Sources */ = {isa = PBXBuildFile; fileRef = A04824D1294E6A1200CDA4BD /* ActorDetail.swift */; };
		A04824D4294E6A7500CDA4BD /* ActorService.swift in Sources */ = {isa = PBXBuildFile; fileRef = A04824D3294E6A7500CDA4BD /* ActorService.swift */; };
		A04824D6294E6C7A00CDA4BD /* ActorViewModel.swift in Sources */ = {isa = PBXBuildFile; fileRef = A04824D5294E6C7A00CDA4BD /* ActorViewModel.swift */; };
		A05EDB072957A42000F60F70 /* FilmInfoViewModel.swift in Sources */ = {isa = PBXBuildFile; fileRef = A05EDB062957A42000F60F70 /* FilmInfoViewModel.swift */; };
		A05EDB092957A8AA00F60F70 /* MovieDetail.swift in Sources */ = {isa = PBXBuildFile; fileRef = A05EDB082957A8AA00F60F70 /* MovieDetail.swift */; };
		A05EDB0C2957B26200F60F70 /* TMDb in Frameworks */ = {isa = PBXBuildFile; productRef = A05EDB0B2957B26200F60F70 /* TMDb */; };
		A08D6DE129AA04DA00B23D60 /* Post.swift in Sources */ = {isa = PBXBuildFile; fileRef = A08D6DE029AA04DA00B23D60 /* Post.swift */; };
		A08D6DE329ABC02500B23D60 /* CustomLoadingView.swift in Sources */ = {isa = PBXBuildFile; fileRef = A08D6DE229ABC02500B23D60 /* CustomLoadingView.swift */; };
		A08D6DE829AD692400B23D60 /* ActorSelectorView.swift in Sources */ = {isa = PBXBuildFile; fileRef = A08D6DE729AD692400B23D60 /* ActorSelectorView.swift */; };
		A08D6DEA29AFE83900B23D60 /* UserListView.swift in Sources */ = {isa = PBXBuildFile; fileRef = A08D6DE929AFE83900B23D60 /* UserListView.swift */; };
		A08D6DEC29AFE88C00B23D60 /* UserViewModel.swift in Sources */ = {isa = PBXBuildFile; fileRef = A08D6DEB29AFE88C00B23D60 /* UserViewModel.swift */; };
		A0A2C94129586B790011ECF4 /* TrailersViewModel.swift in Sources */ = {isa = PBXBuildFile; fileRef = A0A2C94029586B790011ECF4 /* TrailersViewModel.swift */; };
		A0A2C94329586BB20011ECF4 /* TrailersView.swift in Sources */ = {isa = PBXBuildFile; fileRef = A0A2C94229586BB20011ECF4 /* TrailersView.swift */; };
		A0A2C9482958736A0011ECF4 /* FilmCategoryView.swift in Sources */ = {isa = PBXBuildFile; fileRef = A0A2C9472958736A0011ECF4 /* FilmCategoryView.swift */; };
		A0A2C94A295873740011ECF4 /* FilmCategoryViewModel.swift in Sources */ = {isa = PBXBuildFile; fileRef = A0A2C949295873740011ECF4 /* FilmCategoryViewModel.swift */; };
		A0A2C94C2958740E0011ECF4 /* TMDBService.swift in Sources */ = {isa = PBXBuildFile; fileRef = A0A2C94B2958740E0011ECF4 /* TMDBService.swift */; };
		A0A2C95129587D6C0011ECF4 /* SelectedCategoryView.swift in Sources */ = {isa = PBXBuildFile; fileRef = A0A2C95029587D6C0011ECF4 /* SelectedCategoryView.swift */; };
		A0A2C95329587D7B0011ECF4 /* SelectedCategoryViewModel.swift in Sources */ = {isa = PBXBuildFile; fileRef = A0A2C95229587D7B0011ECF4 /* SelectedCategoryViewModel.swift */; };
		A0CD84FA294795C30093221F /* Category.swift in Sources */ = {isa = PBXBuildFile; fileRef = A0CD84F9294795C30093221F /* Category.swift */; };
		A0CD84FE2948E40F0093221F /* SearchBar.swift in Sources */ = {isa = PBXBuildFile; fileRef = A0CD84FD2948E40F0093221F /* SearchBar.swift */; };
		A0CD85032948E5FB0093221F /* UserRowView.swift in Sources */ = {isa = PBXBuildFile; fileRef = A0CD85022948E5FB0093221F /* UserRowView.swift */; };
		A0CD85052948E72A0093221F /* FilmSearchRowView.swift in Sources */ = {isa = PBXBuildFile; fileRef = A0CD85042948E72A0093221F /* FilmSearchRowView.swift */; };
		A0CD85072948ED350093221F /* SearchFilterViewModel.swift in Sources */ = {isa = PBXBuildFile; fileRef = A0CD85062948ED350093221F /* SearchFilterViewModel.swift */; };
		A0CD850A29493E4A0093221F /* TMDBSwift in Frameworks */ = {isa = PBXBuildFile; productRef = A0CD850929493E4A0093221F /* TMDBSwift */; };
		A0CD850C29493EAE0093221F /* FilmViewModel.swift in Sources */ = {isa = PBXBuildFile; fileRef = A0CD850B29493EAE0093221F /* FilmViewModel.swift */; };
		A0DD910D2932224F00ECE810 /* SeansApp.swift in Sources */ = {isa = PBXBuildFile; fileRef = A0DD910C2932224F00ECE810 /* SeansApp.swift */; };
		A0DD910F2932224F00ECE810 /* ContentView.swift in Sources */ = {isa = PBXBuildFile; fileRef = A0DD910E2932224F00ECE810 /* ContentView.swift */; };
		A0DD91112932225000ECE810 /* Assets.xcassets in Resources */ = {isa = PBXBuildFile; fileRef = A0DD91102932225000ECE810 /* Assets.xcassets */; };
		A0DD91142932225000ECE810 /* Preview Assets.xcassets in Resources */ = {isa = PBXBuildFile; fileRef = A0DD91132932225000ECE810 /* Preview Assets.xcassets */; };
		A0DD912D2932249300ECE810 /* ImagePicker.swift in Sources */ = {isa = PBXBuildFile; fileRef = A0DD912C2932249300ECE810 /* ImagePicker.swift */; };
		A0DD912F2932250900ECE810 /* MainTabView.swift in Sources */ = {isa = PBXBuildFile; fileRef = A0DD912E2932250900ECE810 /* MainTabView.swift */; };
		A0DD913129322C6600ECE810 /* MessagesView.swift in Sources */ = {isa = PBXBuildFile; fileRef = A0DD913029322C6600ECE810 /* MessagesView.swift */; };
		A0DD913329322C7600ECE810 /* NotificationView.swift in Sources */ = {isa = PBXBuildFile; fileRef = A0DD913229322C7600ECE810 /* NotificationView.swift */; };
		A0DD913C29322D7700ECE810 /* FilmView.swift in Sources */ = {isa = PBXBuildFile; fileRef = A0DD913B29322D7700ECE810 /* FilmView.swift */; };
		A0DD913E29322D8600ECE810 /* ProfileView.swift in Sources */ = {isa = PBXBuildFile; fileRef = A0DD913D29322D8600ECE810 /* ProfileView.swift */; };
		A0DD91422932322900ECE810 /* FeedView.swift in Sources */ = {isa = PBXBuildFile; fileRef = A0DD91412932322900ECE810 /* FeedView.swift */; };
		A0DD9148293232C400ECE810 /* PostView.swift in Sources */ = {isa = PBXBuildFile; fileRef = A0DD9147293232C400ECE810 /* PostView.swift */; };
		A0DD914C2932330200ECE810 /* ExploreView.swift in Sources */ = {isa = PBXBuildFile; fileRef = A0DD914B2932330200ECE810 /* ExploreView.swift */; };
		A0DD915129335E0D00ECE810 /* PostRowView.swift in Sources */ = {isa = PBXBuildFile; fileRef = A0DD915029335E0D00ECE810 /* PostRowView.swift */; };
		A0DD915329337DE300ECE810 /* TextArea.swift in Sources */ = {isa = PBXBuildFile; fileRef = A0DD915229337DE300ECE810 /* TextArea.swift */; };
		A0E38B0229523EB1003268FD /* ActorRowViewModel.swift in Sources */ = {isa = PBXBuildFile; fileRef = A0E38B0129523EB1003268FD /* ActorRowViewModel.swift */; };
		A0E38B0A2952539C003268FD /* ActorSearchView.swift in Sources */ = {isa = PBXBuildFile; fileRef = A0E38B092952539C003268FD /* ActorSearchView.swift */; };
		A0E38B0C295255E4003268FD /* ActorSearchViewModel.swift in Sources */ = {isa = PBXBuildFile; fileRef = A0E38B0B295255E4003268FD /* ActorSearchViewModel.swift */; };
		A0E38B0E29525B7A003268FD /* ActorSearchRowView.swift in Sources */ = {isa = PBXBuildFile; fileRef = A0E38B0D29525B7A003268FD /* ActorSearchRowView.swift */; };
		A0E38B1029534C76003268FD /* VideoView.swift in Sources */ = {isa = PBXBuildFile; fileRef = A0E38B0F29534C76003268FD /* VideoView.swift */; };
		A0E38B122953529E003268FD /* Videos.swift in Sources */ = {isa = PBXBuildFile; fileRef = A0E38B112953529E003268FD /* Videos.swift */; };
		A0E38B1729535908003268FD /* YouTubePlayerKit in Frameworks */ = {isa = PBXBuildFile; productRef = A0E38B1629535908003268FD /* YouTubePlayerKit */; };
		A0EA8EDB294F52D80054916D /* NewActorView.swift in Sources */ = {isa = PBXBuildFile; fileRef = A0EA8EDA294F52D80054916D /* NewActorView.swift */; };
		A0EA8EE0294FAB610054916D /* SimilarMoviesView.swift in Sources */ = {isa = PBXBuildFile; fileRef = A0EA8EDF294FAB610054916D /* SimilarMoviesView.swift */; };
		A0EA8EE2294FAECB0054916D /* SimilarMoviesViewModel.swift in Sources */ = {isa = PBXBuildFile; fileRef = A0EA8EE1294FAECB0054916D /* SimilarMoviesViewModel.swift */; };
		A0EA8EE7294FB3C90054916D /* ActorMoviesView.swift in Sources */ = {isa = PBXBuildFile; fileRef = A0EA8EE6294FB3C90054916D /* ActorMoviesView.swift */; };
		A0EA8EE9294FB3D40054916D /* ActorMoviesViewModel.swift in Sources */ = {isa = PBXBuildFile; fileRef = A0EA8EE8294FB3D40054916D /* ActorMoviesViewModel.swift */; };
		A0F5CA2C29411BD8007E5F91 /* SnapCarousel.swift in Sources */ = {isa = PBXBuildFile; fileRef = A0F5CA2B29411BD8007E5F91 /* SnapCarousel.swift */; };
		A0F5CA2E29411BE8007E5F91 /* DetailView.swift in Sources */ = {isa = PBXBuildFile; fileRef = A0F5CA2D29411BE8007E5F91 /* DetailView.swift */; };
		A0F5CA3029411BFA007E5F91 /* OffsetModifier.swift in Sources */ = {isa = PBXBuildFile; fileRef = A0F5CA2F29411BFA007E5F91 /* OffsetModifier.swift */; };
/* End PBXBuildFile section */

/* Begin PBXFileReference section */
		A00612A2293B807500BB3413 /* FilmSecondRowView.swift */ = {isa = PBXFileReference; lastKnownFileType = sourcecode.swift; path = FilmSecondRowView.swift; sourceTree = "<group>"; };
		A00612A5293B870200BB3413 /* FriendsWatchRowView.swift */ = {isa = PBXFileReference; lastKnownFileType = sourcecode.swift; path = FriendsWatchRowView.swift; sourceTree = "<group>"; };
		A00612A7293B8BD200BB3413 /* FilmInfoView.swift */ = {isa = PBXFileReference; lastKnownFileType = sourcecode.swift; path = FilmInfoView.swift; sourceTree = "<group>"; };
		A00612A9293B913F00BB3413 /* AllFilmView.swift */ = {isa = PBXFileReference; lastKnownFileType = sourcecode.swift; path = AllFilmView.swift; sourceTree = "<group>"; };
		A00612AB293BE45100BB3413 /* UIImage+Extension.swift */ = {isa = PBXFileReference; lastKnownFileType = sourcecode.swift; path = "UIImage+Extension.swift"; sourceTree = "<group>"; };
		A00612B0293CF13200BB3413 /* ActorRowView.swift */ = {isa = PBXFileReference; lastKnownFileType = sourcecode.swift; path = ActorRowView.swift; sourceTree = "<group>"; };
		A00612B3293D084C00BB3413 /* ReviewRowView.swift */ = {isa = PBXFileReference; lastKnownFileType = sourcecode.swift; path = ReviewRowView.swift; sourceTree = "<group>"; };
		A00612B7293FB3E200BB3413 /* Movie.swift */ = {isa = PBXFileReference; lastKnownFileType = sourcecode.swift; path = Movie.swift; sourceTree = "<group>"; };
		A00612B9293FB52A00BB3413 /* Home.swift */ = {isa = PBXFileReference; lastKnownFileType = sourcecode.swift; path = Home.swift; sourceTree = "<group>"; };
		A00612BD293FD1A100BB3413 /* Tab.swift */ = {isa = PBXFileReference; lastKnownFileType = sourcecode.swift; path = Tab.swift; sourceTree = "<group>"; };
		A009066629A7BB8C00843D6E /* NewRegisterView.swift */ = {isa = PBXFileReference; lastKnownFileType = sourcecode.swift; path = NewRegisterView.swift; sourceTree = "<group>"; };
		A018D822299D710800AC12FB /* LoginView.swift */ = {isa = PBXFileReference; lastKnownFileType = sourcecode.swift; path = LoginView.swift; sourceTree = "<group>"; };
		A018D824299D73E300AC12FB /* View_Extensions.swift */ = {isa = PBXFileReference; lastKnownFileType = sourcecode.swift; path = View_Extensions.swift; sourceTree = "<group>"; };
		A018D829299D806400AC12FB /* RegisterView.swift */ = {isa = PBXFileReference; lastKnownFileType = sourcecode.swift; path = RegisterView.swift; sourceTree = "<group>"; };
		A018D82B299D93B000AC12FB /* LoadingView.swift */ = {isa = PBXFileReference; lastKnownFileType = sourcecode.swift; path = LoadingView.swift; sourceTree = "<group>"; };
		A018D82D299E99BD00AC12FB /* SocialMediaTextView.swift */ = {isa = PBXFileReference; lastKnownFileType = sourcecode.swift; path = SocialMediaTextView.swift; sourceTree = "<group>"; };
		A018D82F299E9A3A00AC12FB /* SocialMediaType.swift */ = {isa = PBXFileReference; lastKnownFileType = sourcecode.swift; path = SocialMediaType.swift; sourceTree = "<group>"; };
		A018D833299EC0EA00AC12FB /* GoogleService-Info.plist */ = {isa = PBXFileReference; fileEncoding = 4; lastKnownFileType = text.plist.xml; path = "GoogleService-Info.plist"; sourceTree = "<group>"; };
		A018D840299EC30200AC12FB /* User.swift */ = {isa = PBXFileReference; lastKnownFileType = sourcecode.swift; path = User.swift; sourceTree = "<group>"; };
		A018D843299EC51500AC12FB /* DatabaseManager.swift */ = {isa = PBXFileReference; lastKnownFileType = sourcecode.swift; path = DatabaseManager.swift; sourceTree = "<group>"; };
		A018D845299EC51D00AC12FB /* StorageManager.swift */ = {isa = PBXFileReference; lastKnownFileType = sourcecode.swift; path = StorageManager.swift; sourceTree = "<group>"; };
		A018D847299EC64300AC12FB /* RegisterViewModel.swift */ = {isa = PBXFileReference; lastKnownFileType = sourcecode.swift; path = RegisterViewModel.swift; sourceTree = "<group>"; };
		A018D849299EE0DE00AC12FB /* LoginViewModel.swift */ = {isa = PBXFileReference; lastKnownFileType = sourcecode.swift; path = LoginViewModel.swift; sourceTree = "<group>"; };
		A018D84B29A0061700AC12FB /* Info.plist */ = {isa = PBXFileReference; lastKnownFileType = text.plist; path = Info.plist; sourceTree = "<group>"; };
		A018D85329A00E6E00AC12FB /* Application.swift */ = {isa = PBXFileReference; lastKnownFileType = sourcecode.swift; path = Application.swift; sourceTree = "<group>"; };
		A018D85A29A158F500AC12FB /* ProfileViewModel.swift */ = {isa = PBXFileReference; lastKnownFileType = sourcecode.swift; path = ProfileViewModel.swift; sourceTree = "<group>"; };
		A018D85D29A20C3000AC12FB /* CreateNewPost.swift */ = {isa = PBXFileReference; lastKnownFileType = sourcecode.swift; path = CreateNewPost.swift; sourceTree = "<group>"; };
		A018D85F29A20C5D00AC12FB /* NewPost.swift */ = {isa = PBXFileReference; lastKnownFileType = sourcecode.swift; path = NewPost.swift; sourceTree = "<group>"; };
		A018D86429A2140600AC12FB /* FilmSelectorViewModel.swift */ = {isa = PBXFileReference; lastKnownFileType = sourcecode.swift; path = FilmSelectorViewModel.swift; sourceTree = "<group>"; };
		A018D86629A2141300AC12FB /* FilmSelectorView.swift */ = {isa = PBXFileReference; lastKnownFileType = sourcecode.swift; path = FilmSelectorView.swift; sourceTree = "<group>"; };
		A018D86A29A2976E00AC12FB /* CreateNewPostViewModel.swift */ = {isa = PBXFileReference; lastKnownFileType = sourcecode.swift; path = CreateNewPostViewModel.swift; sourceTree = "<group>"; };
		A018D86C29A2A56000AC12FB /* FeedViewModel.swift */ = {isa = PBXFileReference; lastKnownFileType = sourcecode.swift; path = FeedViewModel.swift; sourceTree = "<group>"; };
		A018D86E29A3F8E600AC12FB /* PostRowViewModel.swift */ = {isa = PBXFileReference; lastKnownFileType = sourcecode.swift; path = PostRowViewModel.swift; sourceTree = "<group>"; };
		A018D87229A6927900AC12FB /* NewProfileView.swift */ = {isa = PBXFileReference; lastKnownFileType = sourcecode.swift; path = NewProfileView.swift; sourceTree = "<group>"; };
		A02AEF2C293676CA00443F95 /* CircularLayout.swift */ = {isa = PBXFileReference; lastKnownFileType = sourcecode.swift; path = CircularLayout.swift; sourceTree = "<group>"; };
		A02AEF302939615000443F95 /* TweetFilterViewModel.swift */ = {isa = PBXFileReference; lastKnownFileType = sourcecode.swift; path = TweetFilterViewModel.swift; sourceTree = "<group>"; };
		A04824B7294A5D4400CDA4BD /* FilmService.swift */ = {isa = PBXFileReference; lastKnownFileType = sourcecode.swift; path = FilmService.swift; sourceTree = "<group>"; };
		A04824BC294A61B100CDA4BD /* Statics.swift */ = {isa = PBXFileReference; lastKnownFileType = sourcecode.swift; path = Statics.swift; sourceTree = "<group>"; };
		A04824C1294BC26C00CDA4BD /* AllFilmViewModel.swift */ = {isa = PBXFileReference; lastKnownFileType = sourcecode.swift; path = AllFilmViewModel.swift; sourceTree = "<group>"; };
		A04824C5294BDAF300CDA4BD /* ExploreViewModel.swift */ = {isa = PBXFileReference; lastKnownFileType = sourcecode.swift; path = ExploreViewModel.swift; sourceTree = "<group>"; };
		A04824C7294CF4F900CDA4BD /* Actor.swift */ = {isa = PBXFileReference; lastKnownFileType = sourcecode.swift; path = Actor.swift; sourceTree = "<group>"; };
		A04824CD294E5F9D00CDA4BD /* BlurView.swift */ = {isa = PBXFileReference; lastKnownFileType = sourcecode.swift; path = BlurView.swift; sourceTree = "<group>"; };
		A04824CF294E5FB700CDA4BD /* CustomCorner.swift */ = {isa = PBXFileReference; lastKnownFileType = sourcecode.swift; path = CustomCorner.swift; sourceTree = "<group>"; };
		A04824D1294E6A1200CDA4BD /* ActorDetail.swift */ = {isa = PBXFileReference; lastKnownFileType = sourcecode.swift; path = ActorDetail.swift; sourceTree = "<group>"; };
		A04824D3294E6A7500CDA4BD /* ActorService.swift */ = {isa = PBXFileReference; lastKnownFileType = sourcecode.swift; path = ActorService.swift; sourceTree = "<group>"; };
		A04824D5294E6C7A00CDA4BD /* ActorViewModel.swift */ = {isa = PBXFileReference; lastKnownFileType = sourcecode.swift; path = ActorViewModel.swift; sourceTree = "<group>"; };
		A05EDB062957A42000F60F70 /* FilmInfoViewModel.swift */ = {isa = PBXFileReference; lastKnownFileType = sourcecode.swift; path = FilmInfoViewModel.swift; sourceTree = "<group>"; };
		A05EDB082957A8AA00F60F70 /* MovieDetail.swift */ = {isa = PBXFileReference; lastKnownFileType = sourcecode.swift; path = MovieDetail.swift; sourceTree = "<group>"; };
		A08D6DE029AA04DA00B23D60 /* Post.swift */ = {isa = PBXFileReference; lastKnownFileType = sourcecode.swift; path = Post.swift; sourceTree = "<group>"; };
		A08D6DE229ABC02500B23D60 /* CustomLoadingView.swift */ = {isa = PBXFileReference; lastKnownFileType = sourcecode.swift; path = CustomLoadingView.swift; sourceTree = "<group>"; };
		A08D6DE729AD692400B23D60 /* ActorSelectorView.swift */ = {isa = PBXFileReference; lastKnownFileType = sourcecode.swift; path = ActorSelectorView.swift; sourceTree = "<group>"; };
		A08D6DE929AFE83900B23D60 /* UserListView.swift */ = {isa = PBXFileReference; lastKnownFileType = sourcecode.swift; path = UserListView.swift; sourceTree = "<group>"; };
		A08D6DEB29AFE88C00B23D60 /* UserViewModel.swift */ = {isa = PBXFileReference; lastKnownFileType = sourcecode.swift; path = UserViewModel.swift; sourceTree = "<group>"; };
		A0A2C94029586B790011ECF4 /* TrailersViewModel.swift */ = {isa = PBXFileReference; lastKnownFileType = sourcecode.swift; path = TrailersViewModel.swift; sourceTree = "<group>"; };
		A0A2C94229586BB20011ECF4 /* TrailersView.swift */ = {isa = PBXFileReference; lastKnownFileType = sourcecode.swift; path = TrailersView.swift; sourceTree = "<group>"; };
		A0A2C9472958736A0011ECF4 /* FilmCategoryView.swift */ = {isa = PBXFileReference; lastKnownFileType = sourcecode.swift; path = FilmCategoryView.swift; sourceTree = "<group>"; };
		A0A2C949295873740011ECF4 /* FilmCategoryViewModel.swift */ = {isa = PBXFileReference; lastKnownFileType = sourcecode.swift; path = FilmCategoryViewModel.swift; sourceTree = "<group>"; };
		A0A2C94B2958740E0011ECF4 /* TMDBService.swift */ = {isa = PBXFileReference; lastKnownFileType = sourcecode.swift; path = TMDBService.swift; sourceTree = "<group>"; };
		A0A2C95029587D6C0011ECF4 /* SelectedCategoryView.swift */ = {isa = PBXFileReference; lastKnownFileType = sourcecode.swift; path = SelectedCategoryView.swift; sourceTree = "<group>"; };
		A0A2C95229587D7B0011ECF4 /* SelectedCategoryViewModel.swift */ = {isa = PBXFileReference; lastKnownFileType = sourcecode.swift; path = SelectedCategoryViewModel.swift; sourceTree = "<group>"; };
		A0CD84F9294795C30093221F /* Category.swift */ = {isa = PBXFileReference; lastKnownFileType = sourcecode.swift; path = Category.swift; sourceTree = "<group>"; };
		A0CD84FD2948E40F0093221F /* SearchBar.swift */ = {isa = PBXFileReference; lastKnownFileType = sourcecode.swift; path = SearchBar.swift; sourceTree = "<group>"; };
		A0CD85022948E5FB0093221F /* UserRowView.swift */ = {isa = PBXFileReference; lastKnownFileType = sourcecode.swift; path = UserRowView.swift; sourceTree = "<group>"; };
		A0CD85042948E72A0093221F /* FilmSearchRowView.swift */ = {isa = PBXFileReference; lastKnownFileType = sourcecode.swift; path = FilmSearchRowView.swift; sourceTree = "<group>"; };
		A0CD85062948ED350093221F /* SearchFilterViewModel.swift */ = {isa = PBXFileReference; lastKnownFileType = sourcecode.swift; path = SearchFilterViewModel.swift; sourceTree = "<group>"; };
		A0CD850B29493EAE0093221F /* FilmViewModel.swift */ = {isa = PBXFileReference; lastKnownFileType = sourcecode.swift; path = FilmViewModel.swift; sourceTree = "<group>"; };
		A0DD91092932224F00ECE810 /* Seans.app */ = {isa = PBXFileReference; explicitFileType = wrapper.application; includeInIndex = 0; path = Seans.app; sourceTree = BUILT_PRODUCTS_DIR; };
		A0DD910C2932224F00ECE810 /* SeansApp.swift */ = {isa = PBXFileReference; lastKnownFileType = sourcecode.swift; path = SeansApp.swift; sourceTree = "<group>"; };
		A0DD910E2932224F00ECE810 /* ContentView.swift */ = {isa = PBXFileReference; lastKnownFileType = sourcecode.swift; path = ContentView.swift; sourceTree = "<group>"; };
		A0DD91102932225000ECE810 /* Assets.xcassets */ = {isa = PBXFileReference; lastKnownFileType = folder.assetcatalog; path = Assets.xcassets; sourceTree = "<group>"; };
		A0DD91132932225000ECE810 /* Preview Assets.xcassets */ = {isa = PBXFileReference; lastKnownFileType = folder.assetcatalog; path = "Preview Assets.xcassets"; sourceTree = "<group>"; };
		A0DD912C2932249300ECE810 /* ImagePicker.swift */ = {isa = PBXFileReference; lastKnownFileType = sourcecode.swift; path = ImagePicker.swift; sourceTree = "<group>"; };
		A0DD912E2932250900ECE810 /* MainTabView.swift */ = {isa = PBXFileReference; lastKnownFileType = sourcecode.swift; path = MainTabView.swift; sourceTree = "<group>"; };
		A0DD913029322C6600ECE810 /* MessagesView.swift */ = {isa = PBXFileReference; lastKnownFileType = sourcecode.swift; path = MessagesView.swift; sourceTree = "<group>"; };
		A0DD913229322C7600ECE810 /* NotificationView.swift */ = {isa = PBXFileReference; lastKnownFileType = sourcecode.swift; path = NotificationView.swift; sourceTree = "<group>"; };
		A0DD913B29322D7700ECE810 /* FilmView.swift */ = {isa = PBXFileReference; lastKnownFileType = sourcecode.swift; path = FilmView.swift; sourceTree = "<group>"; };
		A0DD913D29322D8600ECE810 /* ProfileView.swift */ = {isa = PBXFileReference; lastKnownFileType = sourcecode.swift; path = ProfileView.swift; sourceTree = "<group>"; };
		A0DD91412932322900ECE810 /* FeedView.swift */ = {isa = PBXFileReference; lastKnownFileType = sourcecode.swift; path = FeedView.swift; sourceTree = "<group>"; };
		A0DD9147293232C400ECE810 /* PostView.swift */ = {isa = PBXFileReference; lastKnownFileType = sourcecode.swift; path = PostView.swift; sourceTree = "<group>"; };
		A0DD914B2932330200ECE810 /* ExploreView.swift */ = {isa = PBXFileReference; lastKnownFileType = sourcecode.swift; path = ExploreView.swift; sourceTree = "<group>"; };
		A0DD915029335E0D00ECE810 /* PostRowView.swift */ = {isa = PBXFileReference; lastKnownFileType = sourcecode.swift; path = PostRowView.swift; sourceTree = "<group>"; };
		A0DD915229337DE300ECE810 /* TextArea.swift */ = {isa = PBXFileReference; lastKnownFileType = sourcecode.swift; path = TextArea.swift; sourceTree = "<group>"; };
		A0E38B0129523EB1003268FD /* ActorRowViewModel.swift */ = {isa = PBXFileReference; lastKnownFileType = sourcecode.swift; path = ActorRowViewModel.swift; sourceTree = "<group>"; };
		A0E38B092952539C003268FD /* ActorSearchView.swift */ = {isa = PBXFileReference; lastKnownFileType = sourcecode.swift; path = ActorSearchView.swift; sourceTree = "<group>"; };
		A0E38B0B295255E4003268FD /* ActorSearchViewModel.swift */ = {isa = PBXFileReference; lastKnownFileType = sourcecode.swift; path = ActorSearchViewModel.swift; sourceTree = "<group>"; };
		A0E38B0D29525B7A003268FD /* ActorSearchRowView.swift */ = {isa = PBXFileReference; lastKnownFileType = sourcecode.swift; path = ActorSearchRowView.swift; sourceTree = "<group>"; };
		A0E38B0F29534C76003268FD /* VideoView.swift */ = {isa = PBXFileReference; lastKnownFileType = sourcecode.swift; path = VideoView.swift; sourceTree = "<group>"; };
		A0E38B112953529E003268FD /* Videos.swift */ = {isa = PBXFileReference; lastKnownFileType = sourcecode.swift; path = Videos.swift; sourceTree = "<group>"; };
		A0EA8EDA294F52D80054916D /* NewActorView.swift */ = {isa = PBXFileReference; lastKnownFileType = sourcecode.swift; path = NewActorView.swift; sourceTree = "<group>"; };
		A0EA8EDF294FAB610054916D /* SimilarMoviesView.swift */ = {isa = PBXFileReference; lastKnownFileType = sourcecode.swift; path = SimilarMoviesView.swift; sourceTree = "<group>"; };
		A0EA8EE1294FAECB0054916D /* SimilarMoviesViewModel.swift */ = {isa = PBXFileReference; lastKnownFileType = sourcecode.swift; path = SimilarMoviesViewModel.swift; sourceTree = "<group>"; };
		A0EA8EE6294FB3C90054916D /* ActorMoviesView.swift */ = {isa = PBXFileReference; lastKnownFileType = sourcecode.swift; path = ActorMoviesView.swift; sourceTree = "<group>"; };
		A0EA8EE8294FB3D40054916D /* ActorMoviesViewModel.swift */ = {isa = PBXFileReference; lastKnownFileType = sourcecode.swift; path = ActorMoviesViewModel.swift; sourceTree = "<group>"; };
		A0F5CA2B29411BD8007E5F91 /* SnapCarousel.swift */ = {isa = PBXFileReference; lastKnownFileType = sourcecode.swift; path = SnapCarousel.swift; sourceTree = "<group>"; };
		A0F5CA2D29411BE8007E5F91 /* DetailView.swift */ = {isa = PBXFileReference; lastKnownFileType = sourcecode.swift; path = DetailView.swift; sourceTree = "<group>"; };
		A0F5CA2F29411BFA007E5F91 /* OffsetModifier.swift */ = {isa = PBXFileReference; lastKnownFileType = sourcecode.swift; path = OffsetModifier.swift; sourceTree = "<group>"; };
/* End PBXFileReference section */

/* Begin PBXFrameworksBuildPhase section */
		A0DD91062932224F00ECE810 /* Frameworks */ = {
			isa = PBXFrameworksBuildPhase;
			buildActionMask = 2147483647;
			files = (
				A018D839299EC14A00AC12FB /* FirebaseDatabase in Frameworks */,
				A04824BB294A5FDC00CDA4BD /* Kingfisher in Frameworks */,
				A018D83F299EC14A00AC12FB /* FirebaseStorage in Frameworks */,
				A018D837299EC14A00AC12FB /* FirebaseAuth in Frameworks */,
				A0CD850A29493E4A0093221F /* TMDBSwift in Frameworks */,
				A018D85729A0179600AC12FB /* GoogleSignIn in Frameworks */,
				A0E38B1729535908003268FD /* YouTubePlayerKit in Frameworks */,
				A05EDB0C2957B26200F60F70 /* TMDb in Frameworks */,
				A018D83B299EC14A00AC12FB /* FirebaseFirestore in Frameworks */,
				A018D83D299EC14A00AC12FB /* FirebaseFirestoreSwift in Frameworks */,
				A018D85929A0179600AC12FB /* GoogleSignInSwift in Frameworks */,
			);
			runOnlyForDeploymentPostprocessing = 0;
		};
/* End PBXFrameworksBuildPhase section */

/* Begin PBXGroup section */
		A006129F293A697400BB3413 /* Film */ = {
			isa = PBXGroup;
			children = (
				A0772F7A29564F1C00D6904F /* Views */,
			);
			path = Film;
			sourceTree = "<group>";
		};
		A00612A4293B86EC00BB3413 /* Friends */ = {
			isa = PBXGroup;
			children = (
				A0772F7E29564F6800D6904F /* ViewModels */,
				A0772F7D29564F6300D6904F /* Views */,
			);
			path = Friends;
			sourceTree = "<group>";
		};
		A00612B2293D083800BB3413 /* Review */ = {
			isa = PBXGroup;
			children = (
				A00612B3293D084C00BB3413 /* ReviewRowView.swift */,
			);
			path = Review;
			sourceTree = "<group>";
		};
		A018D81E299D70C400AC12FB /* Login */ = {
			isa = PBXGroup;
			children = (
				A018D821299D70F300AC12FB /* ViewModels */,
				A018D820299D70EE00AC12FB /* Views */,
			);
			path = Login;
			sourceTree = "<group>";
		};
		A018D820299D70EE00AC12FB /* Views */ = {
			isa = PBXGroup;
			children = (
				A018D822299D710800AC12FB /* LoginView.swift */,
			);
			path = Views;
			sourceTree = "<group>";
		};
		A018D821299D70F300AC12FB /* ViewModels */ = {
			isa = PBXGroup;
			children = (
				A018D849299EE0DE00AC12FB /* LoginViewModel.swift */,
			);
			path = ViewModels;
			sourceTree = "<group>";
		};
		A018D826299D804F00AC12FB /* Register */ = {
			isa = PBXGroup;
			children = (
				A018D828299D805700AC12FB /* ViewModels */,
				A018D827299D805400AC12FB /* Views */,
			);
			path = Register;
			sourceTree = "<group>";
		};
		A018D827299D805400AC12FB /* Views */ = {
			isa = PBXGroup;
			children = (
				A018D829299D806400AC12FB /* RegisterView.swift */,
				A018D82D299E99BD00AC12FB /* SocialMediaTextView.swift */,
				A009066629A7BB8C00843D6E /* NewRegisterView.swift */,
			);
			path = Views;
			sourceTree = "<group>";
		};
		A018D828299D805700AC12FB /* ViewModels */ = {
			isa = PBXGroup;
			children = (
				A018D847299EC64300AC12FB /* RegisterViewModel.swift */,
			);
			path = ViewModels;
			sourceTree = "<group>";
		};
		A018D842299EC50C00AC12FB /* Managers */ = {
			isa = PBXGroup;
			children = (
				A018D843299EC51500AC12FB /* DatabaseManager.swift */,
				A018D845299EC51D00AC12FB /* StorageManager.swift */,
			);
			path = Managers;
			sourceTree = "<group>";
		};
		A018D85C29A20C2000AC12FB /* CreateNewPost */ = {
			isa = PBXGroup;
			children = (
				A018D86929A2975000AC12FB /* ViewModels */,
				A018D86829A2974D00AC12FB /* Views */,
			);
			path = CreateNewPost;
			sourceTree = "<group>";
		};
		A018D86129A213D500AC12FB /* FilmSelector */ = {
			isa = PBXGroup;
			children = (
				A018D86329A213F000AC12FB /* ViewModels */,
				A018D86229A213EC00AC12FB /* Views */,
			);
			path = FilmSelector;
			sourceTree = "<group>";
		};
		A018D86229A213EC00AC12FB /* Views */ = {
			isa = PBXGroup;
			children = (
				A018D86629A2141300AC12FB /* FilmSelectorView.swift */,
			);
			path = Views;
			sourceTree = "<group>";
		};
		A018D86329A213F000AC12FB /* ViewModels */ = {
			isa = PBXGroup;
			children = (
				A018D86429A2140600AC12FB /* FilmSelectorViewModel.swift */,
			);
			path = ViewModels;
			sourceTree = "<group>";
		};
		A018D86829A2974D00AC12FB /* Views */ = {
			isa = PBXGroup;
			children = (
				A018D85D29A20C3000AC12FB /* CreateNewPost.swift */,
			);
			path = Views;
			sourceTree = "<group>";
		};
		A018D86929A2975000AC12FB /* ViewModels */ = {
			isa = PBXGroup;
			children = (
				A018D86A29A2976E00AC12FB /* CreateNewPostViewModel.swift */,
			);
			path = ViewModels;
			sourceTree = "<group>";
		};
		A04824BE294BC22200CDA4BD /* AllFilm */ = {
			isa = PBXGroup;
			children = (
				A04824C0294BC25800CDA4BD /* ViewModels */,
				A04824BF294BC25300CDA4BD /* Views */,
			);
			path = AllFilm;
			sourceTree = "<group>";
		};
		A04824BF294BC25300CDA4BD /* Views */ = {
			isa = PBXGroup;
			children = (
				A00612A9293B913F00BB3413 /* AllFilmView.swift */,
				A00612A2293B807500BB3413 /* FilmSecondRowView.swift */,
			);
			path = Views;
			sourceTree = "<group>";
		};
		A04824C0294BC25800CDA4BD /* ViewModels */ = {
			isa = PBXGroup;
			children = (
				A04824C1294BC26C00CDA4BD /* AllFilmViewModel.swift */,
			);
			path = ViewModels;
			sourceTree = "<group>";
		};
		A0772F7829564D9100D6904F /* MainFilm */ = {
			isa = PBXGroup;
			children = (
				A0DD913829322CA800ECE810 /* ViewModels */,
				A0DD913729322CA400ECE810 /* Views */,
			);
			path = MainFilm;
			sourceTree = "<group>";
		};
		A0772F7929564DBE00D6904F /* ActorRow */ = {
			isa = PBXGroup;
			children = (
				A0E38B0029523EA2003268FD /* ViewModels */,
				A0E38AFF29523E9C003268FD /* Views */,
			);
			path = ActorRow;
			sourceTree = "<group>";
		};
		A0772F7A29564F1C00D6904F /* Views */ = {
			isa = PBXGroup;
			children = (
				A00612B9293FB52A00BB3413 /* Home.swift */,
				A0F5CA2B29411BD8007E5F91 /* SnapCarousel.swift */,
				A0F5CA2D29411BE8007E5F91 /* DetailView.swift */,
				A0F5CA2F29411BFA007E5F91 /* OffsetModifier.swift */,
			);
			path = Views;
			sourceTree = "<group>";
		};
		A0772F7B29564F3100D6904F /* ViewModels */ = {
			isa = PBXGroup;
			children = (
			);
			path = ViewModels;
			sourceTree = "<group>";
		};
		A0772F7C29564F5200D6904F /* ViewModels */ = {
			isa = PBXGroup;
			children = (
			);
			path = ViewModels;
			sourceTree = "<group>";
		};
		A0772F7D29564F6300D6904F /* Views */ = {
			isa = PBXGroup;
			children = (
				A00612A5293B870200BB3413 /* FriendsWatchRowView.swift */,
			);
			path = Views;
			sourceTree = "<group>";
		};
		A0772F7E29564F6800D6904F /* ViewModels */ = {
			isa = PBXGroup;
			children = (
			);
			path = ViewModels;
			sourceTree = "<group>";
		};
		A08D6DE429AD690700B23D60 /* ActorSelector */ = {
			isa = PBXGroup;
			children = (
				A08D6DE629AD691400B23D60 /* Views */,
				A08D6DE529AD690F00B23D60 /* ViewModels */,
			);
			path = ActorSelector;
			sourceTree = "<group>";
		};
		A08D6DE529AD690F00B23D60 /* ViewModels */ = {
			isa = PBXGroup;
			children = (
			);
			path = ViewModels;
			sourceTree = "<group>";
		};
		A08D6DE629AD691400B23D60 /* Views */ = {
			isa = PBXGroup;
			children = (
				A08D6DE729AD692400B23D60 /* ActorSelectorView.swift */,
			);
			path = Views;
			sourceTree = "<group>";
		};
		A0A2C93B29586B590011ECF4 /* Trailers */ = {
			isa = PBXGroup;
			children = (
				A0A2C93D29586B610011ECF4 /* ViewModels */,
				A0A2C93C29586B5E0011ECF4 /* Views */,
			);
			path = Trailers;
			sourceTree = "<group>";
		};
		A0A2C93C29586B5E0011ECF4 /* Views */ = {
			isa = PBXGroup;
			children = (
				A0A2C94229586BB20011ECF4 /* TrailersView.swift */,
			);
			path = Views;
			sourceTree = "<group>";
		};
		A0A2C93D29586B610011ECF4 /* ViewModels */ = {
			isa = PBXGroup;
			children = (
				A0A2C94029586B790011ECF4 /* TrailersViewModel.swift */,
			);
			path = ViewModels;
			sourceTree = "<group>";
		};
		A0A2C944295873510011ECF4 /* FilmCategory */ = {
			isa = PBXGroup;
			children = (
				A0A2C9462958735D0011ECF4 /* ViewModels */,
				A0A2C9452958735A0011ECF4 /* Views */,
			);
			path = FilmCategory;
			sourceTree = "<group>";
		};
		A0A2C9452958735A0011ECF4 /* Views */ = {
			isa = PBXGroup;
			children = (
				A0A2C9472958736A0011ECF4 /* FilmCategoryView.swift */,
			);
			path = Views;
			sourceTree = "<group>";
		};
		A0A2C9462958735D0011ECF4 /* ViewModels */ = {
			isa = PBXGroup;
			children = (
				A0A2C949295873740011ECF4 /* FilmCategoryViewModel.swift */,
			);
			path = ViewModels;
			sourceTree = "<group>";
		};
		A0A2C94D29587D530011ECF4 /* SelectedCategory */ = {
			isa = PBXGroup;
			children = (
				A0A2C94F29587D5F0011ECF4 /* ViewModels */,
				A0A2C94E29587D5B0011ECF4 /* Views */,
			);
			path = SelectedCategory;
			sourceTree = "<group>";
		};
		A0A2C94E29587D5B0011ECF4 /* Views */ = {
			isa = PBXGroup;
			children = (
				A0A2C95029587D6C0011ECF4 /* SelectedCategoryView.swift */,
			);
			path = Views;
			sourceTree = "<group>";
		};
		A0A2C94F29587D5F0011ECF4 /* ViewModels */ = {
			isa = PBXGroup;
			children = (
				A0A2C95229587D7B0011ECF4 /* SelectedCategoryViewModel.swift */,
			);
			path = ViewModels;
			sourceTree = "<group>";
		};
		A0CD84FF2948E5D20093221F /* Users */ = {
			isa = PBXGroup;
			children = (
				A0CD85012948E5E20093221F /* ViewModels */,
				A0CD85002948E5DB0093221F /* Views */,
			);
			path = Users;
			sourceTree = "<group>";
		};
		A0CD85002948E5DB0093221F /* Views */ = {
			isa = PBXGroup;
			children = (
				A0CD85022948E5FB0093221F /* UserRowView.swift */,
				A08D6DE929AFE83900B23D60 /* UserListView.swift */,
			);
			path = Views;
			sourceTree = "<group>";
		};
		A0CD85012948E5E20093221F /* ViewModels */ = {
			isa = PBXGroup;
			children = (
				A08D6DEB29AFE88C00B23D60 /* UserViewModel.swift */,
			);
			path = ViewModels;
			sourceTree = "<group>";
		};
		A0DD91002932224F00ECE810 = {
			isa = PBXGroup;
			children = (
				A0DD910B2932224F00ECE810 /* Seans */,
				A0DD910A2932224F00ECE810 /* Products */,
			);
			sourceTree = "<group>";
		};
		A0DD910A2932224F00ECE810 /* Products */ = {
			isa = PBXGroup;
			children = (
				A0DD91092932224F00ECE810 /* Seans.app */,
			);
			name = Products;
			sourceTree = "<group>";
		};
		A0DD910B2932224F00ECE810 /* Seans */ = {
			isa = PBXGroup;
			children = (
				A018D85C29A20C2000AC12FB /* CreateNewPost */,
				A018D84B29A0061700AC12FB /* Info.plist */,
				A018D842299EC50C00AC12FB /* Managers */,
				A018D833299EC0EA00AC12FB /* GoogleService-Info.plist */,
				A0DD911F2932235100ECE810 /* Core */,
				A0DD911E2932234400ECE810 /* Model */,
				A0DD911D2932233F00ECE810 /* Service */,
				A0DD911C2932233800ECE810 /* Extension */,
				A0DD911A2932232D00ECE810 /* Utils */,
				A0DD910C2932224F00ECE810 /* SeansApp.swift */,
				A0DD910E2932224F00ECE810 /* ContentView.swift */,
				A0DD91102932225000ECE810 /* Assets.xcassets */,
				A0DD91122932225000ECE810 /* Preview Content */,
			);
			path = Seans;
			sourceTree = "<group>";
		};
		A0DD91122932225000ECE810 /* Preview Content */ = {
			isa = PBXGroup;
			children = (
				A0DD91132932225000ECE810 /* Preview Assets.xcassets */,
			);
			path = "Preview Content";
			sourceTree = "<group>";
		};
		A0DD911A2932232D00ECE810 /* Utils */ = {
			isa = PBXGroup;
			children = (
				A0DD912C2932249300ECE810 /* ImagePicker.swift */,
				A0CD84F9294795C30093221F /* Category.swift */,
				A04824BC294A61B100CDA4BD /* Statics.swift */,
				A0E38B0F29534C76003268FD /* VideoView.swift */,
				A018D824299D73E300AC12FB /* View_Extensions.swift */,
				A018D82B299D93B000AC12FB /* LoadingView.swift */,
				A018D82F299E9A3A00AC12FB /* SocialMediaType.swift */,
				A018D85329A00E6E00AC12FB /* Application.swift */,
			);
			path = Utils;
			sourceTree = "<group>";
		};
		A0DD911C2932233800ECE810 /* Extension */ = {
			isa = PBXGroup;
			children = (
				A0DD915229337DE300ECE810 /* TextArea.swift */,
				A04824CD294E5F9D00CDA4BD /* BlurView.swift */,
				A04824CF294E5FB700CDA4BD /* CustomCorner.swift */,
				A02AEF2C293676CA00443F95 /* CircularLayout.swift */,
				A00612AB293BE45100BB3413 /* UIImage+Extension.swift */,
				A0CD84FD2948E40F0093221F /* SearchBar.swift */,
				A08D6DE229ABC02500B23D60 /* CustomLoadingView.swift */,
			);
			path = Extension;
			sourceTree = "<group>";
		};
		A0DD911D2932233F00ECE810 /* Service */ = {
			isa = PBXGroup;
			children = (
				A04824B7294A5D4400CDA4BD /* FilmService.swift */,
				A04824D3294E6A7500CDA4BD /* ActorService.swift */,
				A0A2C94B2958740E0011ECF4 /* TMDBService.swift */,
			);
			path = Service;
			sourceTree = "<group>";
		};
		A0DD911E2932234400ECE810 /* Model */ = {
			isa = PBXGroup;
			children = (
				A00612B7293FB3E200BB3413 /* Movie.swift */,
				A00612BD293FD1A100BB3413 /* Tab.swift */,
				A04824C7294CF4F900CDA4BD /* Actor.swift */,
				A04824D1294E6A1200CDA4BD /* ActorDetail.swift */,
				A0E38B112953529E003268FD /* Videos.swift */,
				A05EDB082957A8AA00F60F70 /* MovieDetail.swift */,
				A018D840299EC30200AC12FB /* User.swift */,
				A018D85F29A20C5D00AC12FB /* NewPost.swift */,
				A08D6DE029AA04DA00B23D60 /* Post.swift */,
			);
			path = Model;
			sourceTree = "<group>";
		};
		A0DD911F2932235100ECE810 /* Core */ = {
			isa = PBXGroup;
			children = (
				A08D6DE429AD690700B23D60 /* ActorSelector */,
				A018D86129A213D500AC12FB /* FilmSelector */,
				A018D826299D804F00AC12FB /* Register */,
				A018D81E299D70C400AC12FB /* Login */,
				A0DD9126293223F600ECE810 /* Components */,
				A0CD84FF2948E5D20093221F /* Users */,
				A0DD91542933A12E00ECE810 /* Actor */,
				A0DD9143293232A300ECE810 /* Post */,
				A0DD912B2932242600ECE810 /* Explore */,
				A0DD912A2932241E00ECE810 /* Feed */,
				A0DD91292932240F00ECE810 /* MainTab */,
				A0DD91282932240B00ECE810 /* Messages */,
				A0DD9127293223FE00ECE810 /* Notifications */,
				A0DD9125293223C200ECE810 /* Film */,
				A0DD9124293223BC00ECE810 /* Profile */,
				A0DD91202932238000ECE810 /* Authentication */,
			);
			path = Core;
			sourceTree = "<group>";
		};
		A0DD91202932238000ECE810 /* Authentication */ = {
			isa = PBXGroup;
			children = (
				A0DD91222932238F00ECE810 /* ViewModel */,
				A0DD91212932238900ECE810 /* Views */,
			);
			path = Authentication;
			sourceTree = "<group>";
		};
		A0DD91212932238900ECE810 /* Views */ = {
			isa = PBXGroup;
			children = (
			);
			path = Views;
			sourceTree = "<group>";
		};
		A0DD91222932238F00ECE810 /* ViewModel */ = {
			isa = PBXGroup;
			children = (
			);
			path = ViewModel;
			sourceTree = "<group>";
		};
		A0DD9124293223BC00ECE810 /* Profile */ = {
			isa = PBXGroup;
			children = (
				A0DD913A29322D5300ECE810 /* ViewModels */,
				A0DD913929322D4E00ECE810 /* Views */,
			);
			path = Profile;
			sourceTree = "<group>";
		};
		A0DD9125293223C200ECE810 /* Film */ = {
			isa = PBXGroup;
			children = (
				A0A2C94D29587D530011ECF4 /* SelectedCategory */,
				A0A2C944295873510011ECF4 /* FilmCategory */,
				A0A2C93B29586B590011ECF4 /* Trailers */,
				A006129F293A697400BB3413 /* Film */,
				A00612B2293D083800BB3413 /* Review */,
				A0772F7829564D9100D6904F /* MainFilm */,
				A0EA8EDC294FAB410054916D /* SimilarMovies */,
				A04824BE294BC22200CDA4BD /* AllFilm */,
			);
			path = Film;
			sourceTree = "<group>";
		};
		A0DD9126293223F600ECE810 /* Components */ = {
			isa = PBXGroup;
			children = (
				A00612A4293B86EC00BB3413 /* Friends */,
				A0DD914D29335DF500ECE810 /* Post */,
			);
			path = Components;
			sourceTree = "<group>";
		};
		A0DD9127293223FE00ECE810 /* Notifications */ = {
			isa = PBXGroup;
			children = (
				A0772F7C29564F5200D6904F /* ViewModels */,
				A0DD913529322C7E00ECE810 /* Views */,
			);
			path = Notifications;
			sourceTree = "<group>";
		};
		A0DD91282932240B00ECE810 /* Messages */ = {
			isa = PBXGroup;
			children = (
				A0772F7B29564F3100D6904F /* ViewModels */,
				A0DD913629322C8500ECE810 /* Views */,
			);
			path = Messages;
			sourceTree = "<group>";
		};
		A0DD91292932240F00ECE810 /* MainTab */ = {
			isa = PBXGroup;
			children = (
				A0DD912E2932250900ECE810 /* MainTabView.swift */,
			);
			path = MainTab;
			sourceTree = "<group>";
		};
		A0DD912A2932241E00ECE810 /* Feed */ = {
			isa = PBXGroup;
			children = (
				A0DD914029322D9900ECE810 /* ViewModels */,
				A0DD913F29322D9500ECE810 /* Views */,
			);
			path = Feed;
			sourceTree = "<group>";
		};
		A0DD912B2932242600ECE810 /* Explore */ = {
			isa = PBXGroup;
			children = (
				A0DD914A293232F600ECE810 /* ViewModels */,
				A0DD9149293232F200ECE810 /* Views */,
			);
			path = Explore;
			sourceTree = "<group>";
		};
		A0DD913529322C7E00ECE810 /* Views */ = {
			isa = PBXGroup;
			children = (
				A0DD913229322C7600ECE810 /* NotificationView.swift */,
			);
			path = Views;
			sourceTree = "<group>";
		};
		A0DD913629322C8500ECE810 /* Views */ = {
			isa = PBXGroup;
			children = (
				A0DD913029322C6600ECE810 /* MessagesView.swift */,
			);
			path = Views;
			sourceTree = "<group>";
		};
		A0DD913729322CA400ECE810 /* Views */ = {
			isa = PBXGroup;
			children = (
				A0DD913B29322D7700ECE810 /* FilmView.swift */,
				A00612A7293B8BD200BB3413 /* FilmInfoView.swift */,
			);
			path = Views;
			sourceTree = "<group>";
		};
		A0DD913829322CA800ECE810 /* ViewModels */ = {
			isa = PBXGroup;
			children = (
				A0CD850B29493EAE0093221F /* FilmViewModel.swift */,
				A05EDB062957A42000F60F70 /* FilmInfoViewModel.swift */,
			);
			path = ViewModels;
			sourceTree = "<group>";
		};
		A0DD913929322D4E00ECE810 /* Views */ = {
			isa = PBXGroup;
			children = (
				A0DD913D29322D8600ECE810 /* ProfileView.swift */,
				A018D87229A6927900AC12FB /* NewProfileView.swift */,
			);
			path = Views;
			sourceTree = "<group>";
		};
		A0DD913A29322D5300ECE810 /* ViewModels */ = {
			isa = PBXGroup;
			children = (
				A02AEF302939615000443F95 /* TweetFilterViewModel.swift */,
				A018D85A29A158F500AC12FB /* ProfileViewModel.swift */,
			);
			path = ViewModels;
			sourceTree = "<group>";
		};
		A0DD913F29322D9500ECE810 /* Views */ = {
			isa = PBXGroup;
			children = (
				A0DD91412932322900ECE810 /* FeedView.swift */,
			);
			path = Views;
			sourceTree = "<group>";
		};
		A0DD914029322D9900ECE810 /* ViewModels */ = {
			isa = PBXGroup;
			children = (
				A018D86C29A2A56000AC12FB /* FeedViewModel.swift */,
			);
			path = ViewModels;
			sourceTree = "<group>";
		};
		A0DD9143293232A300ECE810 /* Post */ = {
			isa = PBXGroup;
			children = (
				A0DD9145293232AE00ECE810 /* ViewModels */,
				A0DD9144293232AA00ECE810 /* Views */,
			);
			path = Post;
			sourceTree = "<group>";
		};
		A0DD9144293232AA00ECE810 /* Views */ = {
			isa = PBXGroup;
			children = (
				A0DD9147293232C400ECE810 /* PostView.swift */,
			);
			path = Views;
			sourceTree = "<group>";
		};
		A0DD9145293232AE00ECE810 /* ViewModels */ = {
			isa = PBXGroup;
			children = (
			);
			path = ViewModels;
			sourceTree = "<group>";
		};
		A0DD9149293232F200ECE810 /* Views */ = {
			isa = PBXGroup;
			children = (
				A0DD914B2932330200ECE810 /* ExploreView.swift */,
				A0CD85042948E72A0093221F /* FilmSearchRowView.swift */,
			);
			path = Views;
			sourceTree = "<group>";
		};
		A0DD914A293232F600ECE810 /* ViewModels */ = {
			isa = PBXGroup;
			children = (
				A0CD85062948ED350093221F /* SearchFilterViewModel.swift */,
				A04824C5294BDAF300CDA4BD /* ExploreViewModel.swift */,
			);
			path = ViewModels;
			sourceTree = "<group>";
		};
		A0DD914D29335DF500ECE810 /* Post */ = {
			isa = PBXGroup;
			children = (
				A0DD914F29335DFF00ECE810 /* ViewModels */,
				A0DD914E29335DF800ECE810 /* Views */,
			);
			path = Post;
			sourceTree = "<group>";
		};
		A0DD914E29335DF800ECE810 /* Views */ = {
			isa = PBXGroup;
			children = (
				A0DD915029335E0D00ECE810 /* PostRowView.swift */,
			);
			path = Views;
			sourceTree = "<group>";
		};
		A0DD914F29335DFF00ECE810 /* ViewModels */ = {
			isa = PBXGroup;
			children = (
				A018D86E29A3F8E600AC12FB /* PostRowViewModel.swift */,
			);
			path = ViewModels;
			sourceTree = "<group>";
		};
		A0DD91542933A12E00ECE810 /* Actor */ = {
			isa = PBXGroup;
			children = (
				A0772F7929564DBE00D6904F /* ActorRow */,
				A0E38B062952537E003268FD /* ActorSearch */,
				A0E38B0329525322003268FD /* ActorInfo */,
				A0EA8EE3294FB3AC0054916D /* ActorMovies */,
			);
			path = Actor;
			sourceTree = "<group>";
		};
		A0E38AFF29523E9C003268FD /* Views */ = {
			isa = PBXGroup;
			children = (
				A00612B0293CF13200BB3413 /* ActorRowView.swift */,
			);
			path = Views;
			sourceTree = "<group>";
		};
		A0E38B0029523EA2003268FD /* ViewModels */ = {
			isa = PBXGroup;
			children = (
				A0E38B0129523EB1003268FD /* ActorRowViewModel.swift */,
			);
			path = ViewModels;
			sourceTree = "<group>";
		};
		A0E38B0329525322003268FD /* ActorInfo */ = {
			isa = PBXGroup;
			children = (
				A0E38B052952533C003268FD /* ViewModels */,
				A0E38B042952532F003268FD /* Views */,
			);
			path = ActorInfo;
			sourceTree = "<group>";
		};
		A0E38B042952532F003268FD /* Views */ = {
			isa = PBXGroup;
			children = (
				A0EA8EDA294F52D80054916D /* NewActorView.swift */,
			);
			path = Views;
			sourceTree = "<group>";
		};
		A0E38B052952533C003268FD /* ViewModels */ = {
			isa = PBXGroup;
			children = (
				A04824D5294E6C7A00CDA4BD /* ActorViewModel.swift */,
			);
			path = ViewModels;
			sourceTree = "<group>";
		};
		A0E38B062952537E003268FD /* ActorSearch */ = {
			isa = PBXGroup;
			children = (
				A0E38B082952538E003268FD /* ViewModels */,
				A0E38B0729525387003268FD /* Views */,
			);
			path = ActorSearch;
			sourceTree = "<group>";
		};
		A0E38B0729525387003268FD /* Views */ = {
			isa = PBXGroup;
			children = (
				A0E38B092952539C003268FD /* ActorSearchView.swift */,
				A0E38B0D29525B7A003268FD /* ActorSearchRowView.swift */,
			);
			path = Views;
			sourceTree = "<group>";
		};
		A0E38B082952538E003268FD /* ViewModels */ = {
			isa = PBXGroup;
			children = (
				A0E38B0B295255E4003268FD /* ActorSearchViewModel.swift */,
			);
			path = ViewModels;
			sourceTree = "<group>";
		};
		A0EA8EDC294FAB410054916D /* SimilarMovies */ = {
			isa = PBXGroup;
			children = (
				A0EA8EDE294FAB530054916D /* ViewModels */,
				A0EA8EDD294FAB4D0054916D /* Views */,
			);
			path = SimilarMovies;
			sourceTree = "<group>";
		};
		A0EA8EDD294FAB4D0054916D /* Views */ = {
			isa = PBXGroup;
			children = (
				A0EA8EDF294FAB610054916D /* SimilarMoviesView.swift */,
			);
			path = Views;
			sourceTree = "<group>";
		};
		A0EA8EDE294FAB530054916D /* ViewModels */ = {
			isa = PBXGroup;
			children = (
				A0EA8EE1294FAECB0054916D /* SimilarMoviesViewModel.swift */,
			);
			path = ViewModels;
			sourceTree = "<group>";
		};
		A0EA8EE3294FB3AC0054916D /* ActorMovies */ = {
			isa = PBXGroup;
			children = (
				A0EA8EE5294FB3BF0054916D /* ViewModels */,
				A0EA8EE4294FB3BC0054916D /* View */,
			);
			path = ActorMovies;
			sourceTree = "<group>";
		};
		A0EA8EE4294FB3BC0054916D /* View */ = {
			isa = PBXGroup;
			children = (
				A0EA8EE6294FB3C90054916D /* ActorMoviesView.swift */,
			);
			path = View;
			sourceTree = "<group>";
		};
		A0EA8EE5294FB3BF0054916D /* ViewModels */ = {
			isa = PBXGroup;
			children = (
				A0EA8EE8294FB3D40054916D /* ActorMoviesViewModel.swift */,
			);
			path = ViewModels;
			sourceTree = "<group>";
		};
/* End PBXGroup section */

/* Begin PBXNativeTarget section */
		A0DD91082932224F00ECE810 /* Seans */ = {
			isa = PBXNativeTarget;
			buildConfigurationList = A0DD91172932225000ECE810 /* Build configuration list for PBXNativeTarget "Seans" */;
			buildPhases = (
				A0DD91052932224F00ECE810 /* Sources */,
				A0DD91062932224F00ECE810 /* Frameworks */,
				A0DD91072932224F00ECE810 /* Resources */,
			);
			buildRules = (
			);
			dependencies = (
			);
			name = Seans;
			packageProductDependencies = (
				A0CD850929493E4A0093221F /* TMDBSwift */,
				A04824BA294A5FDC00CDA4BD /* Kingfisher */,
				A0E38B1629535908003268FD /* YouTubePlayerKit */,
				A05EDB0B2957B26200F60F70 /* TMDb */,
				A018D836299EC14A00AC12FB /* FirebaseAuth */,
				A018D838299EC14A00AC12FB /* FirebaseDatabase */,
				A018D83A299EC14A00AC12FB /* FirebaseFirestore */,
				A018D83C299EC14A00AC12FB /* FirebaseFirestoreSwift */,
				A018D83E299EC14A00AC12FB /* FirebaseStorage */,
				A018D85629A0179600AC12FB /* GoogleSignIn */,
				A018D85829A0179600AC12FB /* GoogleSignInSwift */,
			);
			productName = Seans;
			productReference = A0DD91092932224F00ECE810 /* Seans.app */;
			productType = "com.apple.product-type.application";
		};
/* End PBXNativeTarget section */

/* Begin PBXProject section */
		A0DD91012932224F00ECE810 /* Project object */ = {
			isa = PBXProject;
			attributes = {
				BuildIndependentTargetsInParallel = 1;
				LastSwiftUpdateCheck = 1410;
				LastUpgradeCheck = 1410;
				TargetAttributes = {
					A0DD91082932224F00ECE810 = {
						CreatedOnToolsVersion = 14.1;
					};
				};
			};
			buildConfigurationList = A0DD91042932224F00ECE810 /* Build configuration list for PBXProject "Seans" */;
			compatibilityVersion = "Xcode 14.0";
			developmentRegion = en;
			hasScannedForEncodings = 0;
			knownRegions = (
				en,
				Base,
			);
			mainGroup = A0DD91002932224F00ECE810;
			packageReferences = (
				A0CD850829493E4A0093221F /* XCRemoteSwiftPackageReference "TheMovieDatabaseSwiftWrapper" */,
				A04824B9294A5FDC00CDA4BD /* XCRemoteSwiftPackageReference "Kingfisher" */,
				A0E38B1529535907003268FD /* XCRemoteSwiftPackageReference "YouTubePlayerKit" */,
				A05EDB0A2957B26200F60F70 /* XCRemoteSwiftPackageReference "TMDb" */,
				A018D835299EC14A00AC12FB /* XCRemoteSwiftPackageReference "firebase-ios-sdk" */,
				A018D85529A0179600AC12FB /* XCRemoteSwiftPackageReference "GoogleSignIn-iOS" */,
			);
			productRefGroup = A0DD910A2932224F00ECE810 /* Products */;
			projectDirPath = "";
			projectRoot = "";
			targets = (
				A0DD91082932224F00ECE810 /* Seans */,
			);
		};
/* End PBXProject section */

/* Begin PBXResourcesBuildPhase section */
		A0DD91072932224F00ECE810 /* Resources */ = {
			isa = PBXResourcesBuildPhase;
			buildActionMask = 2147483647;
			files = (
				A0DD91142932225000ECE810 /* Preview Assets.xcassets in Resources */,
				A0DD91112932225000ECE810 /* Assets.xcassets in Resources */,
				A018D834299EC0EA00AC12FB /* GoogleService-Info.plist in Resources */,
			);
			runOnlyForDeploymentPostprocessing = 0;
		};
/* End PBXResourcesBuildPhase section */

/* Begin PBXSourcesBuildPhase section */
		A0DD91052932224F00ECE810 /* Sources */ = {
			isa = PBXSourcesBuildPhase;
			buildActionMask = 2147483647;
			files = (
				A0CD850C29493EAE0093221F /* FilmViewModel.swift in Sources */,
				A08D6DEA29AFE83900B23D60 /* UserListView.swift in Sources */,
				A0F5CA3029411BFA007E5F91 /* OffsetModifier.swift in Sources */,
				A08D6DE829AD692400B23D60 /* ActorSelectorView.swift in Sources */,
				A018D86D29A2A56000AC12FB /* FeedViewModel.swift in Sources */,
				A0A2C94C2958740E0011ECF4 /* TMDBService.swift in Sources */,
				A00612B4293D084C00BB3413 /* ReviewRowView.swift in Sources */,
				A018D85E29A20C3000AC12FB /* CreateNewPost.swift in Sources */,
				A018D86029A20C5D00AC12FB /* NewPost.swift in Sources */,
				A0E38B0229523EB1003268FD /* ActorRowViewModel.swift in Sources */,
				A04824C8294CF4F900CDA4BD /* Actor.swift in Sources */,
				A00612A8293B8BD200BB3413 /* FilmInfoView.swift in Sources */,
				A00612B1293CF13200BB3413 /* ActorRowView.swift in Sources */,
				A018D844299EC51500AC12FB /* DatabaseManager.swift in Sources */,
				A02AEF312939615000443F95 /* TweetFilterViewModel.swift in Sources */,
				A0DD914C2932330200ECE810 /* ExploreView.swift in Sources */,
				A08D6DE329ABC02500B23D60 /* CustomLoadingView.swift in Sources */,
				A0DD915329337DE300ECE810 /* TextArea.swift in Sources */,
				A0CD84FA294795C30093221F /* Category.swift in Sources */,
				A04824D4294E6A7500CDA4BD /* ActorService.swift in Sources */,
				A05EDB092957A8AA00F60F70 /* MovieDetail.swift in Sources */,
				A04824B8294A5D4400CDA4BD /* FilmService.swift in Sources */,
				A018D830299E9A3A00AC12FB /* SocialMediaType.swift in Sources */,
				A0CD85032948E5FB0093221F /* UserRowView.swift in Sources */,
				A0A2C94A295873740011ECF4 /* FilmCategoryViewModel.swift in Sources */,
				A0F5CA2C29411BD8007E5F91 /* SnapCarousel.swift in Sources */,
				A018D82A299D806400AC12FB /* RegisterView.swift in Sources */,
				A0CD85052948E72A0093221F /* FilmSearchRowView.swift in Sources */,
				A018D841299EC30200AC12FB /* User.swift in Sources */,
				A00612BA293FB52A00BB3413 /* Home.swift in Sources */,
				A018D82C299D93B000AC12FB /* LoadingView.swift in Sources */,
				A018D86529A2140600AC12FB /* FilmSelectorViewModel.swift in Sources */,
				A018D846299EC51D00AC12FB /* StorageManager.swift in Sources */,
				A0E38B122953529E003268FD /* Videos.swift in Sources */,
				A04824C2294BC26C00CDA4BD /* AllFilmViewModel.swift in Sources */,
				A0EA8EE7294FB3C90054916D /* ActorMoviesView.swift in Sources */,
				A018D823299D710800AC12FB /* LoginView.swift in Sources */,
				A0EA8EE0294FAB610054916D /* SimilarMoviesView.swift in Sources */,
				A00612A6293B870200BB3413 /* FriendsWatchRowView.swift in Sources */,
				A018D86729A2141300AC12FB /* FilmSelectorView.swift in Sources */,
				A0A2C94129586B790011ECF4 /* TrailersViewModel.swift in Sources */,
				A0EA8EDB294F52D80054916D /* NewActorView.swift in Sources */,
				A0DD913E29322D8600ECE810 /* ProfileView.swift in Sources */,
				A0DD91422932322900ECE810 /* FeedView.swift in Sources */,
				A04824D6294E6C7A00CDA4BD /* ActorViewModel.swift in Sources */,
				A0E38B0C295255E4003268FD /* ActorSearchViewModel.swift in Sources */,
				A018D84A299EE0DE00AC12FB /* LoginViewModel.swift in Sources */,
				A00612AA293B913F00BB3413 /* AllFilmView.swift in Sources */,
				A018D87329A6927900AC12FB /* NewProfileView.swift in Sources */,
				A0DD913C29322D7700ECE810 /* FilmView.swift in Sources */,
				A0CD85072948ED350093221F /* SearchFilterViewModel.swift in Sources */,
				A018D848299EC64300AC12FB /* RegisterViewModel.swift in Sources */,
				A0F5CA2E29411BE8007E5F91 /* DetailView.swift in Sources */,
				A04824D0294E5FB700CDA4BD /* CustomCorner.swift in Sources */,
				A08D6DE129AA04DA00B23D60 /* Post.swift in Sources */,
				A0A2C9482958736A0011ECF4 /* FilmCategoryView.swift in Sources */,
				A018D825299D73E300AC12FB /* View_Extensions.swift in Sources */,
				A018D82E299E99BD00AC12FB /* SocialMediaTextView.swift in Sources */,
				A0E38B1029534C76003268FD /* VideoView.swift in Sources */,
				A00612AC293BE45100BB3413 /* UIImage+Extension.swift in Sources */,
				A0DD913129322C6600ECE810 /* MessagesView.swift in Sources */,
				A08D6DEC29AFE88C00B23D60 /* UserViewModel.swift in Sources */,
				A018D86B29A2976E00AC12FB /* CreateNewPostViewModel.swift in Sources */,
				A009066729A7BB8C00843D6E /* NewRegisterView.swift in Sources */,
				A04824C6294BDAF300CDA4BD /* ExploreViewModel.swift in Sources */,
				A0DD912D2932249300ECE810 /* ImagePicker.swift in Sources */,
				A0CD84FE2948E40F0093221F /* SearchBar.swift in Sources */,
				A04824CE294E5F9D00CDA4BD /* BlurView.swift in Sources */,
				A00612B8293FB3E200BB3413 /* Movie.swift in Sources */,
				A018D85429A00E6E00AC12FB /* Application.swift in Sources */,
				A0A2C95329587D7B0011ECF4 /* SelectedCategoryViewModel.swift in Sources */,
				A0DD910F2932224F00ECE810 /* ContentView.swift in Sources */,
				A0DD910D2932224F00ECE810 /* SeansApp.swift in Sources */,
				A0A2C94329586BB20011ECF4 /* TrailersView.swift in Sources */,
				A05EDB072957A42000F60F70 /* FilmInfoViewModel.swift in Sources */,
				A018D85B29A158F500AC12FB /* ProfileViewModel.swift in Sources */,
				A0A2C95129587D6C0011ECF4 /* SelectedCategoryView.swift in Sources */,
				A00612A3293B807500BB3413 /* FilmSecondRowView.swift in Sources */,
				A04824D2294E6A1200CDA4BD /* ActorDetail.swift in Sources */,
				A0E38B0A2952539C003268FD /* ActorSearchView.swift in Sources */,
				A0DD912F2932250900ECE810 /* MainTabView.swift in Sources */,
				A0DD915129335E0D00ECE810 /* PostRowView.swift in Sources */,
				A018D86F29A3F8E700AC12FB /* PostRowViewModel.swift in Sources */,
				A0DD9148293232C400ECE810 /* PostView.swift in Sources */,
				A02AEF2D293676CA00443F95 /* CircularLayout.swift in Sources */,
				A0EA8EE2294FAECB0054916D /* SimilarMoviesViewModel.swift in Sources */,
				A00612BE293FD1A100BB3413 /* Tab.swift in Sources */,
				A04824BD294A61B100CDA4BD /* Statics.swift in Sources */,
				A0E38B0E29525B7A003268FD /* ActorSearchRowView.swift in Sources */,
				A0DD913329322C7600ECE810 /* NotificationView.swift in Sources */,
				A0EA8EE9294FB3D40054916D /* ActorMoviesViewModel.swift in Sources */,
			);
			runOnlyForDeploymentPostprocessing = 0;
		};
/* End PBXSourcesBuildPhase section */

/* Begin XCBuildConfiguration section */
		A0DD91152932225000ECE810 /* Debug */ = {
			isa = XCBuildConfiguration;
			buildSettings = {
				ALWAYS_SEARCH_USER_PATHS = NO;
				CLANG_ANALYZER_NONNULL = YES;
				CLANG_ANALYZER_NUMBER_OBJECT_CONVERSION = YES_AGGRESSIVE;
				CLANG_CXX_LANGUAGE_STANDARD = "gnu++20";
				CLANG_ENABLE_MODULES = YES;
				CLANG_ENABLE_OBJC_ARC = YES;
				CLANG_ENABLE_OBJC_WEAK = YES;
				CLANG_WARN_BLOCK_CAPTURE_AUTORELEASING = YES;
				CLANG_WARN_BOOL_CONVERSION = YES;
				CLANG_WARN_COMMA = YES;
				CLANG_WARN_CONSTANT_CONVERSION = YES;
				CLANG_WARN_DEPRECATED_OBJC_IMPLEMENTATIONS = YES;
				CLANG_WARN_DIRECT_OBJC_ISA_USAGE = YES_ERROR;
				CLANG_WARN_DOCUMENTATION_COMMENTS = YES;
				CLANG_WARN_EMPTY_BODY = YES;
				CLANG_WARN_ENUM_CONVERSION = YES;
				CLANG_WARN_INFINITE_RECURSION = YES;
				CLANG_WARN_INT_CONVERSION = YES;
				CLANG_WARN_NON_LITERAL_NULL_CONVERSION = YES;
				CLANG_WARN_OBJC_IMPLICIT_RETAIN_SELF = YES;
				CLANG_WARN_OBJC_LITERAL_CONVERSION = YES;
				CLANG_WARN_OBJC_ROOT_CLASS = YES_ERROR;
				CLANG_WARN_QUOTED_INCLUDE_IN_FRAMEWORK_HEADER = YES;
				CLANG_WARN_RANGE_LOOP_ANALYSIS = YES;
				CLANG_WARN_STRICT_PROTOTYPES = YES;
				CLANG_WARN_SUSPICIOUS_MOVE = YES;
				CLANG_WARN_UNGUARDED_AVAILABILITY = YES_AGGRESSIVE;
				CLANG_WARN_UNREACHABLE_CODE = YES;
				CLANG_WARN__DUPLICATE_METHOD_MATCH = YES;
				COPY_PHASE_STRIP = NO;
				DEBUG_INFORMATION_FORMAT = dwarf;
				ENABLE_STRICT_OBJC_MSGSEND = YES;
				ENABLE_TESTABILITY = YES;
				GCC_C_LANGUAGE_STANDARD = gnu11;
				GCC_DYNAMIC_NO_PIC = NO;
				GCC_NO_COMMON_BLOCKS = YES;
				GCC_OPTIMIZATION_LEVEL = 0;
				GCC_PREPROCESSOR_DEFINITIONS = (
					"DEBUG=1",
					"$(inherited)",
				);
				GCC_WARN_64_TO_32_BIT_CONVERSION = YES;
				GCC_WARN_ABOUT_RETURN_TYPE = YES_ERROR;
				GCC_WARN_UNDECLARED_SELECTOR = YES;
				GCC_WARN_UNINITIALIZED_AUTOS = YES_AGGRESSIVE;
				GCC_WARN_UNUSED_FUNCTION = YES;
				GCC_WARN_UNUSED_VARIABLE = YES;
				IPHONEOS_DEPLOYMENT_TARGET = 16.0;
				MTL_ENABLE_DEBUG_INFO = INCLUDE_SOURCE;
				MTL_FAST_MATH = YES;
				ONLY_ACTIVE_ARCH = YES;
				SDKROOT = iphoneos;
				SWIFT_ACTIVE_COMPILATION_CONDITIONS = DEBUG;
				SWIFT_OPTIMIZATION_LEVEL = "-Onone";
			};
			name = Debug;
		};
		A0DD91162932225000ECE810 /* Release */ = {
			isa = XCBuildConfiguration;
			buildSettings = {
				ALWAYS_SEARCH_USER_PATHS = NO;
				CLANG_ANALYZER_NONNULL = YES;
				CLANG_ANALYZER_NUMBER_OBJECT_CONVERSION = YES_AGGRESSIVE;
				CLANG_CXX_LANGUAGE_STANDARD = "gnu++20";
				CLANG_ENABLE_MODULES = YES;
				CLANG_ENABLE_OBJC_ARC = YES;
				CLANG_ENABLE_OBJC_WEAK = YES;
				CLANG_WARN_BLOCK_CAPTURE_AUTORELEASING = YES;
				CLANG_WARN_BOOL_CONVERSION = YES;
				CLANG_WARN_COMMA = YES;
				CLANG_WARN_CONSTANT_CONVERSION = YES;
				CLANG_WARN_DEPRECATED_OBJC_IMPLEMENTATIONS = YES;
				CLANG_WARN_DIRECT_OBJC_ISA_USAGE = YES_ERROR;
				CLANG_WARN_DOCUMENTATION_COMMENTS = YES;
				CLANG_WARN_EMPTY_BODY = YES;
				CLANG_WARN_ENUM_CONVERSION = YES;
				CLANG_WARN_INFINITE_RECURSION = YES;
				CLANG_WARN_INT_CONVERSION = YES;
				CLANG_WARN_NON_LITERAL_NULL_CONVERSION = YES;
				CLANG_WARN_OBJC_IMPLICIT_RETAIN_SELF = YES;
				CLANG_WARN_OBJC_LITERAL_CONVERSION = YES;
				CLANG_WARN_OBJC_ROOT_CLASS = YES_ERROR;
				CLANG_WARN_QUOTED_INCLUDE_IN_FRAMEWORK_HEADER = YES;
				CLANG_WARN_RANGE_LOOP_ANALYSIS = YES;
				CLANG_WARN_STRICT_PROTOTYPES = YES;
				CLANG_WARN_SUSPICIOUS_MOVE = YES;
				CLANG_WARN_UNGUARDED_AVAILABILITY = YES_AGGRESSIVE;
				CLANG_WARN_UNREACHABLE_CODE = YES;
				CLANG_WARN__DUPLICATE_METHOD_MATCH = YES;
				COPY_PHASE_STRIP = NO;
				DEBUG_INFORMATION_FORMAT = "dwarf-with-dsym";
				ENABLE_NS_ASSERTIONS = NO;
				ENABLE_STRICT_OBJC_MSGSEND = YES;
				GCC_C_LANGUAGE_STANDARD = gnu11;
				GCC_NO_COMMON_BLOCKS = YES;
				GCC_WARN_64_TO_32_BIT_CONVERSION = YES;
				GCC_WARN_ABOUT_RETURN_TYPE = YES_ERROR;
				GCC_WARN_UNDECLARED_SELECTOR = YES;
				GCC_WARN_UNINITIALIZED_AUTOS = YES_AGGRESSIVE;
				GCC_WARN_UNUSED_FUNCTION = YES;
				GCC_WARN_UNUSED_VARIABLE = YES;
				IPHONEOS_DEPLOYMENT_TARGET = 16.0;
				MTL_ENABLE_DEBUG_INFO = NO;
				MTL_FAST_MATH = YES;
				SDKROOT = iphoneos;
				SWIFT_COMPILATION_MODE = wholemodule;
				SWIFT_OPTIMIZATION_LEVEL = "-O";
				VALIDATE_PRODUCT = YES;
			};
			name = Release;
		};
		A0DD91182932225000ECE810 /* Debug */ = {
			isa = XCBuildConfiguration;
			buildSettings = {
				ASSETCATALOG_COMPILER_APPICON_NAME = AppIcon;
				ASSETCATALOG_COMPILER_GLOBAL_ACCENT_COLOR_NAME = AccentColor;
				CODE_SIGN_STYLE = Automatic;
				CURRENT_PROJECT_VERSION = 1;
				DEVELOPMENT_ASSET_PATHS = "\"Seans/Preview Content\"";
				DEVELOPMENT_TEAM = 68KQTL44VS;
				ENABLE_PREVIEWS = YES;
				GENERATE_INFOPLIST_FILE = YES;
				INFOPLIST_FILE = Seans/Info.plist;
				INFOPLIST_KEY_UIApplicationSceneManifest_Generation = YES;
				INFOPLIST_KEY_UIApplicationSupportsIndirectInputEvents = YES;
				INFOPLIST_KEY_UILaunchScreen_Generation = YES;
				INFOPLIST_KEY_UISupportedInterfaceOrientations_iPad = "UIInterfaceOrientationPortrait UIInterfaceOrientationPortraitUpsideDown UIInterfaceOrientationLandscapeLeft UIInterfaceOrientationLandscapeRight";
				INFOPLIST_KEY_UISupportedInterfaceOrientations_iPhone = "UIInterfaceOrientationPortrait UIInterfaceOrientationLandscapeLeft UIInterfaceOrientationLandscapeRight";
				LD_RUNPATH_SEARCH_PATHS = (
					"$(inherited)",
					"@executable_path/Frameworks",
				);
				MARKETING_VERSION = 1.0;
				PRODUCT_BUNDLE_IDENTIFIER = com.denizataes.Seans;
				PRODUCT_NAME = "$(TARGET_NAME)";
				SWIFT_EMIT_LOC_STRINGS = YES;
				SWIFT_VERSION = 5.0;
				TARGETED_DEVICE_FAMILY = "1,2";
			};
			name = Debug;
		};
		A0DD91192932225000ECE810 /* Release */ = {
			isa = XCBuildConfiguration;
			buildSettings = {
				ASSETCATALOG_COMPILER_APPICON_NAME = AppIcon;
				ASSETCATALOG_COMPILER_GLOBAL_ACCENT_COLOR_NAME = AccentColor;
				CODE_SIGN_STYLE = Automatic;
				CURRENT_PROJECT_VERSION = 1;
				DEVELOPMENT_ASSET_PATHS = "\"Seans/Preview Content\"";
				DEVELOPMENT_TEAM = 68KQTL44VS;
				ENABLE_PREVIEWS = YES;
				GENERATE_INFOPLIST_FILE = YES;
				INFOPLIST_FILE = Seans/Info.plist;
				INFOPLIST_KEY_UIApplicationSceneManifest_Generation = YES;
				INFOPLIST_KEY_UIApplicationSupportsIndirectInputEvents = YES;
				INFOPLIST_KEY_UILaunchScreen_Generation = YES;
				INFOPLIST_KEY_UISupportedInterfaceOrientations_iPad = "UIInterfaceOrientationPortrait UIInterfaceOrientationPortraitUpsideDown UIInterfaceOrientationLandscapeLeft UIInterfaceOrientationLandscapeRight";
				INFOPLIST_KEY_UISupportedInterfaceOrientations_iPhone = "UIInterfaceOrientationPortrait UIInterfaceOrientationLandscapeLeft UIInterfaceOrientationLandscapeRight";
				LD_RUNPATH_SEARCH_PATHS = (
					"$(inherited)",
					"@executable_path/Frameworks",
				);
				MARKETING_VERSION = 1.0;
				PRODUCT_BUNDLE_IDENTIFIER = com.denizataes.Seans;
				PRODUCT_NAME = "$(TARGET_NAME)";
				SWIFT_EMIT_LOC_STRINGS = YES;
				SWIFT_VERSION = 5.0;
				TARGETED_DEVICE_FAMILY = "1,2";
			};
			name = Release;
		};
/* End XCBuildConfiguration section */

/* Begin XCConfigurationList section */
		A0DD91042932224F00ECE810 /* Build configuration list for PBXProject "Seans" */ = {
			isa = XCConfigurationList;
			buildConfigurations = (
				A0DD91152932225000ECE810 /* Debug */,
				A0DD91162932225000ECE810 /* Release */,
			);
			defaultConfigurationIsVisible = 0;
			defaultConfigurationName = Release;
		};
		A0DD91172932225000ECE810 /* Build configuration list for PBXNativeTarget "Seans" */ = {
			isa = XCConfigurationList;
			buildConfigurations = (
				A0DD91182932225000ECE810 /* Debug */,
				A0DD91192932225000ECE810 /* Release */,
			);
			defaultConfigurationIsVisible = 0;
			defaultConfigurationName = Release;
		};
/* End XCConfigurationList section */

/* Begin XCRemoteSwiftPackageReference section */
		A018D835299EC14A00AC12FB /* XCRemoteSwiftPackageReference "firebase-ios-sdk" */ = {
			isa = XCRemoteSwiftPackageReference;
			repositoryURL = "https://github.com/firebase/firebase-ios-sdk";
			requirement = {
				branch = master;
				kind = branch;
			};
		};
		A018D85529A0179600AC12FB /* XCRemoteSwiftPackageReference "GoogleSignIn-iOS" */ = {
			isa = XCRemoteSwiftPackageReference;
			repositoryURL = "https://github.com/google/GoogleSignIn-iOS";
			requirement = {
				kind = versionRange;
				maximumVersion = 7.0.0;
				minimumVersion = 6.0.0;
			};
		};
		A04824B9294A5FDC00CDA4BD /* XCRemoteSwiftPackageReference "Kingfisher" */ = {
			isa = XCRemoteSwiftPackageReference;
			repositoryURL = "https://github.com/onevcat/Kingfisher.git";
			requirement = {
				branch = master;
				kind = branch;
			};
		};
		A05EDB0A2957B26200F60F70 /* XCRemoteSwiftPackageReference "TMDb" */ = {
			isa = XCRemoteSwiftPackageReference;
			repositoryURL = "https://github.com/adamayoung/TMDb.git";
			requirement = {
				kind = upToNextMajorVersion;
				minimumVersion = 8.0.0;
			};
		};
		A0CD850829493E4A0093221F /* XCRemoteSwiftPackageReference "TheMovieDatabaseSwiftWrapper" */ = {
			isa = XCRemoteSwiftPackageReference;
			repositoryURL = "https://github.com/gkye/TheMovieDatabaseSwiftWrapper/";
			requirement = {
				kind = upToNextMajorVersion;
				minimumVersion = 0.7.0;
			};
		};
		A0E38B1529535907003268FD /* XCRemoteSwiftPackageReference "YouTubePlayerKit" */ = {
			isa = XCRemoteSwiftPackageReference;
			repositoryURL = "https://github.com/SvenTiigi/YouTubePlayerKit.git";
			requirement = {
				kind = upToNextMajorVersion;
				minimumVersion = 1.0.0;
			};
		};
/* End XCRemoteSwiftPackageReference section */

/* Begin XCSwiftPackageProductDependency section */
		A018D836299EC14A00AC12FB /* FirebaseAuth */ = {
			isa = XCSwiftPackageProductDependency;
			package = A018D835299EC14A00AC12FB /* XCRemoteSwiftPackageReference "firebase-ios-sdk" */;
			productName = FirebaseAuth;
		};
		A018D838299EC14A00AC12FB /* FirebaseDatabase */ = {
			isa = XCSwiftPackageProductDependency;
			package = A018D835299EC14A00AC12FB /* XCRemoteSwiftPackageReference "firebase-ios-sdk" */;
			productName = FirebaseDatabase;
		};
		A018D83A299EC14A00AC12FB /* FirebaseFirestore */ = {
			isa = XCSwiftPackageProductDependency;
			package = A018D835299EC14A00AC12FB /* XCRemoteSwiftPackageReference "firebase-ios-sdk" */;
			productName = FirebaseFirestore;
		};
		A018D83C299EC14A00AC12FB /* FirebaseFirestoreSwift */ = {
			isa = XCSwiftPackageProductDependency;
			package = A018D835299EC14A00AC12FB /* XCRemoteSwiftPackageReference "firebase-ios-sdk" */;
			productName = FirebaseFirestoreSwift;
		};
		A018D83E299EC14A00AC12FB /* FirebaseStorage */ = {
			isa = XCSwiftPackageProductDependency;
			package = A018D835299EC14A00AC12FB /* XCRemoteSwiftPackageReference "firebase-ios-sdk" */;
			productName = FirebaseStorage;
		};
		A018D85629A0179600AC12FB /* GoogleSignIn */ = {
			isa = XCSwiftPackageProductDependency;
			package = A018D85529A0179600AC12FB /* XCRemoteSwiftPackageReference "GoogleSignIn-iOS" */;
			productName = GoogleSignIn;
		};
		A018D85829A0179600AC12FB /* GoogleSignInSwift */ = {
			isa = XCSwiftPackageProductDependency;
			package = A018D85529A0179600AC12FB /* XCRemoteSwiftPackageReference "GoogleSignIn-iOS" */;
			productName = GoogleSignInSwift;
		};
		A04824BA294A5FDC00CDA4BD /* Kingfisher */ = {
			isa = XCSwiftPackageProductDependency;
			package = A04824B9294A5FDC00CDA4BD /* XCRemoteSwiftPackageReference "Kingfisher" */;
			productName = Kingfisher;
		};
		A05EDB0B2957B26200F60F70 /* TMDb */ = {
			isa = XCSwiftPackageProductDependency;
			package = A05EDB0A2957B26200F60F70 /* XCRemoteSwiftPackageReference "TMDb" */;
			productName = TMDb;
		};
		A0CD850929493E4A0093221F /* TMDBSwift */ = {
			isa = XCSwiftPackageProductDependency;
			package = A0CD850829493E4A0093221F /* XCRemoteSwiftPackageReference "TheMovieDatabaseSwiftWrapper" */;
			productName = TMDBSwift;
		};
		A0E38B1629535908003268FD /* YouTubePlayerKit */ = {
			isa = XCSwiftPackageProductDependency;
			package = A0E38B1529535907003268FD /* XCRemoteSwiftPackageReference "YouTubePlayerKit" */;
			productName = YouTubePlayerKit;
		};
/* End XCSwiftPackageProductDependency section */
	};
	rootObject = A0DD91012932224F00ECE810 /* Project object */;
}
